
Microsoft Visual Studio Solution File, Format Version 9.00
# Visual Studio 2005
Project("{8BC9CEB8-8B4A-11D0-8D11-00A0C91BC942}") = "char-server_sql", "vs80\char-server_sql\char-server_sql.vcproj", "{6C499059-C674-43FA-95F0-6933A0E0C249}"
	ProjectSection(ProjectDependencies) = postProject
		{5145E2DA-D2BF-4029-942B-91B481846FD5} = {5145E2DA-D2BF-4029-942B-91B481846FD5}
	EndProjectSection
EndProject
Project("{8BC9CEB8-8B4A-11D0-8D11-00A0C91BC942}") = "common_sql", "vs80\common_sql\common_sql.vcproj", "{5145E2DA-D2BF-4029-942B-91B481846FD5}"
EndProject
Project("{8BC9CEB8-8B4A-11D0-8D11-00A0C91BC942}") = "login-server_sql", "vs80\login-server_sql\login-server_sql.vcproj", "{4A07E400-2774-409C-8194-83F6A1ACB0AC}"
	ProjectSection(ProjectDependencies) = postProject
		{5145E2DA-D2BF-4029-942B-91B481846FD5} = {5145E2DA-D2BF-4029-942B-91B481846FD5}
	EndProjectSection
EndProject
Project("{8BC9CEB8-8B4A-11D0-8D11-00A0C91BC942}") = "map-server_sql", "vs80\map-server_sql\map-server_sql.vcproj", "{A1AE5537-4A3C-42F3-899D-EDF844BE0766}"
	ProjectSection(ProjectDependencies) = postProject
		{5145E2DA-D2BF-4029-942B-91B481846FD5} = {5145E2DA-D2BF-4029-942B-91B481846FD5}
	EndProjectSection
EndProject
Global
	GlobalSection(SolutionConfigurationPlatforms) = preSolution
		Debug|Win32 = Debug|Win32
		Release|Win32 = Release|Win32
	EndGlobalSection
	GlobalSection(ProjectConfigurationPlatforms) = postSolution
		{6C499059-C674-43FA-95F0-6933A0E0C249}.Debug|Win32.ActiveCfg = Debug|Win32
		{6C499059-C674-43FA-95F0-6933A0E0C249}.Debug|Win32.Build.0 = Debug|Win32
		{6C499059-C674-43FA-95F0-6933A0E0C249}.Release|Win32.ActiveCfg = Release|Win32
		{6C499059-C674-43FA-95F0-6933A0E0C249}.Release|Win32.Build.0 = Release|Win32
		{5145E2DA-D2BF-4029-942B-91B481846FD5}.Debug|Win32.ActiveCfg = Debug|Win32
		{5145E2DA-D2BF-4029-942B-91B481846FD5}.Debug|Win32.Build.0 = Debug|Win32
		{5145E2DA-D2BF-4029-942B-91B481846FD5}.Release|Win32.ActiveCfg = Release|Win32
		{5145E2DA-D2BF-4029-942B-91B481846FD5}.Release|Win32.Build.0 = Release|Win32
		{4A07E400-2774-409C-8194-83F6A1ACB0AC}.Debug|Win32.ActiveCfg = Debug|Win32
		{4A07E400-2774-409C-8194-83F6A1ACB0AC}.Debug|Win32.Build.0 = Debug|Win32
		{4A07E400-2774-409C-8194-83F6A1ACB0AC}.Release|Win32.ActiveCfg = Release|Win32
		{4A07E400-2774-409C-8194-83F6A1ACB0AC}.Release|Win32.Build.0 = Release|Win32
		{A1AE5537-4A3C-42F3-899D-EDF844BE0766}.Debug|Win32.ActiveCfg = Debug|Win32
		{A1AE5537-4A3C-42F3-899D-EDF844BE0766}.Debug|Win32.Build.0 = Debug|Win32
		{A1AE5537-4A3C-42F3-899D-EDF844BE0766}.Release|Win32.ActiveCfg = Release|Win32
		{A1AE5537-4A3C-42F3-899D-EDF844BE0766}.Release|Win32.Build.0 = Release|Win32
	EndGlobalSection
	GlobalSection(SolutionProperties) = preSolution
		HideSolutionNode = FALSE
	EndGlobalSection
EndGlobal
